// !$*UTF8*$!
{
	archiveVersion = 1;
	classes = {
	};
	objectVersion = 46;
	objects = {

/* Begin PBXBuildFile section */
		C9EC2EAAA1FE79E741031368 /* Pods_table.framework in Frameworks */ = {isa = PBXBuildFile; fileRef = 6F2494B9DCEEF19C8DD4C938 /* Pods_table.framework */; };
		FA55424B1D29A6A300DE2A37 /* AppDelegate.swift in Sources */ = {isa = PBXBuildFile; fileRef = FA55424A1D29A6A300DE2A37 /* AppDelegate.swift */; };
		FA55424D1D29A6A300DE2A37 /* ViewController.swift in Sources */ = {isa = PBXBuildFile; fileRef = FA55424C1D29A6A300DE2A37 /* ViewController.swift */; };
		FA5542501D29A6A300DE2A37 /* Main.storyboard in Resources */ = {isa = PBXBuildFile; fileRef = FA55424E1D29A6A300DE2A37 /* Main.storyboard */; };
		FA5542521D29A6A300DE2A37 /* Assets.xcassets in Resources */ = {isa = PBXBuildFile; fileRef = FA5542511D29A6A300DE2A37 /* Assets.xcassets */; };
		FA5542551D29A6A300DE2A37 /* LaunchScreen.storyboard in Resources */ = {isa = PBXBuildFile; fileRef = FA5542531D29A6A300DE2A37 /* LaunchScreen.storyboard */; };
		FAA0176C1D2A5E68000CE29B /* alien.png in Resources */ = {isa = PBXBuildFile; fileRef = FAA0176B1D2A5E68000CE29B /* alien.png */; };
		FAF041441D29C994005F0547 /* CustomCell.swift in Sources */ = {isa = PBXBuildFile; fileRef = FAF041431D29C994005F0547 /* CustomCell.swift */; };
/* End PBXBuildFile section */

/* Begin PBXFileReference section */
		6F2494B9DCEEF19C8DD4C938 /* Pods_table.framework */ = {isa = PBXFileReference; explicitFileType = wrapper.framework; includeInIndex = 0; path = Pods_table.framework; sourceTree = BUILT_PRODUCTS_DIR; };
		7DA457EAAD00332B5B756DDE /* Pods-table.debug.xcconfig */ = {isa = PBXFileReference; includeInIndex = 1; lastKnownFileType = text.xcconfig; name = "Pods-table.debug.xcconfig"; path = "Pods/Target Support Files/Pods-table/Pods-table.debug.xcconfig"; sourceTree = "<group>"; };
		BF6ADD1F3BA1A4501F236735 /* Pods-table.release.xcconfig */ = {isa = PBXFileReference; includeInIndex = 1; lastKnownFileType = text.xcconfig; name = "Pods-table.release.xcconfig"; path = "Pods/Target Support Files/Pods-table/Pods-table.release.xcconfig"; sourceTree = "<group>"; };
		FA5542471D29A6A300DE2A37 /* table.app */ = {isa = PBXFileReference; explicitFileType = wrapper.application; includeInIndex = 0; path = table.app; sourceTree = BUILT_PRODUCTS_DIR; };
		FA55424A1D29A6A300DE2A37 /* AppDelegate.swift */ = {isa = PBXFileReference; lastKnownFileType = sourcecode.swift; path = AppDelegate.swift; sourceTree = "<group>"; };
		FA55424C1D29A6A300DE2A37 /* ViewController.swift */ = {isa = PBXFileReference; lastKnownFileType = sourcecode.swift; path = ViewController.swift; sourceTree = "<group>"; };
		FA55424F1D29A6A300DE2A37 /* Base */ = {isa = PBXFileReference; lastKnownFileType = file.storyboard; name = Base; path = Base.lproj/Main.storyboard; sourceTree = "<group>"; };
		FA5542511D29A6A300DE2A37 /* Assets.xcassets */ = {isa = PBXFileReference; lastKnownFileType = folder.assetcatalog; path = Assets.xcassets; sourceTree = "<group>"; };
		FA5542541D29A6A300DE2A37 /* Base */ = {isa = PBXFileReference; lastKnownFileType = file.storyboard; name = Base; path = Base.lproj/LaunchScreen.storyboard; sourceTree = "<group>"; };
		FA5542561D29A6A300DE2A37 /* Info.plist */ = {isa = PBXFileReference; lastKnownFileType = text.plist.xml; path = Info.plist; sourceTree = "<group>"; };
		FA55425C1D29AA0A00DE2A37 /* table-Bridging-Header.h */ = {isa = PBXFileReference; lastKnownFileType = sourcecode.c.h; path = "table-Bridging-Header.h"; sourceTree = "<group>"; };
		FAA0176B1D2A5E68000CE29B /* alien.png */ = {isa = PBXFileReference; lastKnownFileType = image.png; path = alien.png; sourceTree = "<group>"; };
		FAF041431D29C994005F0547 /* CustomCell.swift */ = {isa = PBXFileReference; fileEncoding = 4; lastKnownFileType = sourcecode.swift; path = CustomCell.swift; sourceTree = "<group>"; };
/* End PBXFileReference section */

/* Begin PBXFrameworksBuildPhase section */
		FA5542441D29A6A300DE2A37 /* Frameworks */ = {
			isa = PBXFrameworksBuildPhase;
			buildActionMask = 2147483647;
			files = (
				C9EC2EAAA1FE79E741031368 /* Pods_table.framework in Frameworks */,
			);
			runOnlyForDeploymentPostprocessing = 0;
		};
/* End PBXFrameworksBuildPhase section */

/* Begin PBXGroup section */
		506EC9B91B8A6D4769E6189A /* Pods */ = {
			isa = PBXGroup;
			children = (
				7DA457EAAD00332B5B756DDE /* Pods-table.debug.xcconfig */,
				BF6ADD1F3BA1A4501F236735 /* Pods-table.release.xcconfig */,
			);
			name = Pods;
			sourceTree = "<group>";
		};
		A3FA6D1D5B1859E697276F9C /* Frameworks */ = {
			isa = PBXGroup;
			children = (
				6F2494B9DCEEF19C8DD4C938 /* Pods_table.framework */,
			);
			name = Frameworks;
			sourceTree = "<group>";
		};
		FA55423E1D29A6A300DE2A37 = {
			isa = PBXGroup;
			children = (
				FA5542491D29A6A300DE2A37 /* table */,
				FA5542481D29A6A300DE2A37 /* Products */,
				506EC9B91B8A6D4769E6189A /* Pods */,
				A3FA6D1D5B1859E697276F9C /* Frameworks */,
			);
			sourceTree = "<group>";
		};
		FA5542481D29A6A300DE2A37 /* Products */ = {
			isa = PBXGroup;
			children = (
				FA5542471D29A6A300DE2A37 /* table.app */,
			);
			name = Products;
			sourceTree = "<group>";
		};
		FA5542491D29A6A300DE2A37 /* table */ = {
			isa = PBXGroup;
			children = (
				FA55424A1D29A6A300DE2A37 /* AppDelegate.swift */,
				FA55424C1D29A6A300DE2A37 /* ViewController.swift */,
				FAF041431D29C994005F0547 /* CustomCell.swift */,
				FA55424E1D29A6A300DE2A37 /* Main.storyboard */,
				FA5542511D29A6A300DE2A37 /* Assets.xcassets */,
				FA5542531D29A6A300DE2A37 /* LaunchScreen.storyboard */,
				FA5542561D29A6A300DE2A37 /* Info.plist */,
				FA55425C1D29AA0A00DE2A37 /* table-Bridging-Header.h */,
				FAA0176B1D2A5E68000CE29B /* alien.png */,
			);
			path = table;
			sourceTree = "<group>";
		};
/* End PBXGroup section */

/* Begin PBXNativeTarget section */
		FA5542461D29A6A300DE2A37 /* table */ = {
			isa = PBXNativeTarget;
			buildConfigurationList = FA5542591D29A6A300DE2A37 /* Build configuration list for PBXNativeTarget "table" */;
			buildPhases = (
				2A99BF99DAE373951ABB5D0D /* [CP] Check Pods Manifest.lock */,
				FA5542431D29A6A300DE2A37 /* Sources */,
				FA5542441D29A6A300DE2A37 /* Frameworks */,
				FA5542451D29A6A300DE2A37 /* Resources */,
				B94AED6BE025C751CAC436F0 /* [CP] Embed Pods Frameworks */,
				A3742D5400952BA77B6AFFCD /* [CP] Copy Pods Resources */,
			);
			buildRules = (
			);
			dependencies = (
			);
			name = table;
			productName = table;
			productReference = FA5542471D29A6A300DE2A37 /* table.app */;
			productType = "com.apple.product-type.application";
		};
/* End PBXNativeTarget section */

/* Begin PBXProject section */
		FA55423F1D29A6A300DE2A37 /* Project object */ = {
			isa = PBXProject;
			attributes = {
				LastSwiftUpdateCheck = 0720;
				LastUpgradeCheck = 0720;
				ORGANIZATIONNAME = macbook;
				TargetAttributes = {
					FA5542461D29A6A300DE2A37 = {
						CreatedOnToolsVersion = 7.2;
						DevelopmentTeam = ZFJQ8ZMC8J;
					};
				};
			};
			buildConfigurationList = FA5542421D29A6A300DE2A37 /* Build configuration list for PBXProject "table" */;
			compatibilityVersion = "Xcode 3.2";
			developmentRegion = English;
			hasScannedForEncodings = 0;
			knownRegions = (
				en,
				Base,
			);
			mainGroup = FA55423E1D29A6A300DE2A37;
			productRefGroup = FA5542481D29A6A300DE2A37 /* Products */;
			projectDirPath = "";
			projectRoot = "";
			targets = (
				FA5542461D29A6A300DE2A37 /* table */,
			);
		};
/* End PBXProject section */

/* Begin PBXResourcesBuildPhase section */
		FA5542451D29A6A300DE2A37 /* Resources */ = {
			isa = PBXResourcesBuildPhase;
			buildActionMask = 2147483647;
			files = (
				FA5542551D29A6A300DE2A37 /* LaunchScreen.storyboard in Resources */,
				FAA0176C1D2A5E68000CE29B /* alien.png in Resources */,
				FA5542521D29A6A300DE2A37 /* Assets.xcassets in Resources */,
				FA5542501D29A6A300DE2A37 /* Main.storyboard in Resources */,
			);
			runOnlyForDeploymentPostprocessing = 0;
		};
/* End PBXResourcesBuildPhase section */

/* Begin PBXShellScriptBuildPhase section */
		2A99BF99DAE373951ABB5D0D /* [CP] Check Pods Manifest.lock */ = {
			isa = PBXShellScriptBuildPhase;
			buildActionMask = 2147483647;
			files = (
			);
			inputPaths = (
			);
			name = "[CP] Check Pods Manifest.lock";
			outputPaths = (
			);
			runOnlyForDeploymentPostprocessing = 0;
			shellPath = /bin/sh;
			shellScript = "diff \"${PODS_ROOT}/../Podfile.lock\" \"${PODS_ROOT}/Manifest.lock\" > /dev/null\nif [[ $? != 0 ]] ; then\n    cat << EOM\nerror: The sandbox is not in sync with the Podfile.lock. Run 'pod install' or update your CocoaPods installation.\nEOM\n    exit 1\nfi\n";
			showEnvVarsInLog = 0;
		};
		A3742D5400952BA77B6AFFCD /* [CP] Copy Pods Resources */ = {
			isa = PBXShellScriptBuildPhase;
			buildActionMask = 2147483647;
			files = (
			);
			inputPaths = (
			);
			name = "[CP] Copy Pods Resources";
			outputPaths = (
			);
			runOnlyForDeploymentPostprocessing = 0;
			shellPath = /bin/sh;
			shellScript = "\"${SRCROOT}/Pods/Target Support Files/Pods-table/Pods-table-resources.sh\"\n";
			showEnvVarsInLog = 0;
		};
		B94AED6BE025C751CAC436F0 /* [CP] Embed Pods Frameworks */ = {
			isa = PBXShellScriptBuildPhase;
			buildActionMask = 2147483647;
			files = (
			);
			inputPaths = (
			);
			name = "[CP] Embed Pods Frameworks";
			outputPaths = (
			);
			runOnlyForDeploymentPostprocessing = 0;
			shellPath = /bin/sh;
			shellScript = "\"${SRCROOT}/Pods/Target Support Files/Pods-table/Pods-table-frameworks.sh\"\n";
			showEnvVarsInLog = 0;
		};
/* End PBXShellScriptBuildPhase section */

/* Begin PBXSourcesBuildPhase section */
		FA5542431D29A6A300DE2A37 /* Sources */ = {
			isa = PBXSourcesBuildPhase;
			buildActionMask = 2147483647;
			files = (
				FA55424D1D29A6A300DE2A37 /* ViewController.swift in Sources */,
				FAF041441D29C994005F0547 /* CustomCell.swift in Sources */,
				FA55424B1D29A6A300DE2A37 /* AppDelegate.swift in Sources */,
			);
			runOnlyForDeploymentPostprocessing = 0;
		};
/* End PBXSourcesBuildPhase section */

/* Begin PBXVariantGroup section */
		FA55424E1D29A6A300DE2A37 /* Main.storyboard */ = {
			isa = PBXVariantGroup;
			children = (
				FA55424F1D29A6A300DE2A37 /* Base */,
			);
			name = Main.storyboard;
			sourceTree = "<group>";
		};
		FA5542531D29A6A300DE2A37 /* LaunchScreen.storyboard */ = {
			isa = PBXVariantGroup;
			children = (
				FA5542541D29A6A300DE2A37 /* Base */,
			);
			name = LaunchScreen.storyboard;
			sourceTree = "<group>";
		};
/* End PBXVariantGroup section */

/* Begin XCBuildConfiguration section */
		FA5542571D29A6A300DE2A37 /* Debug */ = {
			isa = XCBuildConfiguration;
			buildSettings = {
				ALWAYS_SEARCH_USER_PATHS = NO;
				CLANG_CXX_LANGUAGE_STANDARD = "gnu++0x";
				CLANG_CXX_LIBRARY = "libc++";
				CLANG_ENABLE_MODULES = YES;
				CLANG_ENABLE_OBJC_ARC = YES;
				CLANG_WARN_BOOL_CONVERSION = YES;
				CLANG_WARN_CONSTANT_CONVERSION = YES;
				CLANG_WARN_DIRECT_OBJC_ISA_USAGE = YES_ERROR;
				CLANG_WARN_EMPTY_BODY = YES;
				CLANG_WARN_ENUM_CONVERSION = YES;
				CLANG_WARN_INT_CONVERSION = YES;
				CLANG_WARN_OBJC_ROOT_CLASS = YES_ERROR;
				CLANG_WARN_UNREACHABLE_CODE = YES;
				CLANG_WARN__DUPLICATE_METHOD_MATCH = YES;
				"CODE_SIGN_IDENTITY[sdk=iphoneos*]" = "iPhone Developer";
				COPY_PHASE_STRIP = NO;
				DEBUG_INFORMATION_FORMAT = dwarf;
				ENABLE_STRICT_OBJC_MSGSEND = YES;
				ENABLE_TESTABILITY = YES;
				GCC_C_LANGUAGE_STANDARD = gnu99;
				GCC_DYNAMIC_NO_PIC = NO;
				GCC_NO_COMMON_BLOCKS = YES;
				GCC_OPTIMIZATION_LEVEL = 0;
				GCC_PREPROCESSOR_DEFINITIONS = (
					"DEBUG=1",
					"$(inherited)",
				);
				GCC_WARN_64_TO_32_BIT_CONVERSION = YES;
				GCC_WARN_ABOUT_RETURN_TYPE = YES_ERROR;
				GCC_WARN_UNDECLARED_SELECTOR = YES;
				GCC_WARN_UNINITIALIZED_AUTOS = YES_AGGRESSIVE;
				GCC_WARN_UNUSED_FUNCTION = YES;
				GCC_WARN_UNUSED_VARIABLE = YES;
				IPHONEOS_DEPLOYMENT_TARGET = 9.2;
				MTL_ENABLE_DEBUG_INFO = YES;
				ONLY_ACTIVE_ARCH = YES;
				SDKROOT = iphoneos;
				SWIFT_OPTIMIZATION_LEVEL = "-Onone";
			};
			name = Debug;
		};
		FA5542581D29A6A300DE2A37 /* Release */ = {
			isa = XCBuildConfiguration;
			buildSettings = {
				ALWAYS_SEARCH_USER_PATHS = NO;
				CLANG_CXX_LANGUAGE_STANDARD = "gnu++0x";
				CLANG_CXX_LIBRARY = "libc++";
				CLANG_ENABLE_MODULES = YES;
				CLANG_ENABLE_OBJC_ARC = YES;
				CLANG_WARN_BOOL_CONVERSION = YES;
				CLANG_WARN_CONSTANT_CONVERSION = YES;
				CLANG_WARN_DIRECT_OBJC_ISA_USAGE = YES_ERROR;
				CLANG_WARN_EMPTY_BODY = YES;
				CLANG_WARN_ENUM_CONVERSION = YES;
				CLANG_WARN_INT_CONVERSION = YES;
				CLANG_WARN_OBJC_ROOT_CLASS = YES_ERROR;
				CLANG_WARN_UNREACHABLE_CODE = YES;
				CLANG_WARN__DUPLICATE_METHOD_MATCH = YES;
				"CODE_SIGN_IDENTITY[sdk=iphoneos*]" = "iPhone Developer";
				COPY_PHASE_STRIP = NO;
				DEBUG_INFORMATION_FORMAT = "dwarf-with-dsym";
				ENABLE_NS_ASSERTIONS = NO;
				ENABLE_STRICT_OBJC_MSGSEND = YES;
				GCC_C_LANGUAGE_STANDARD = gnu99;
				GCC_NO_COMMON_BLOCKS = YES;
				GCC_WARN_64_TO_32_BIT_CONVERSION = YES;
				GCC_WARN_ABOUT_RETURN_TYPE = YES_ERROR;
				GCC_WARN_UNDECLARED_SELECTOR = YES;
				GCC_WARN_UNINITIALIZED_AUTOS = YES_AGGRESSIVE;
				GCC_WARN_UNUSED_FUNCTION = YES;
				GCC_WARN_UNUSED_VARIABLE = YES;
				IPHONEOS_DEPLOYMENT_TARGET = 9.2;
				MTL_ENABLE_DEBUG_INFO = NO;
				SDKROOT = iphoneos;
				VALIDATE_PRODUCT = YES;
			};
			name = Release;
		};
		FA55425A1D29A6A300DE2A37 /* Debug */ = {
			isa = XCBuildConfiguration;
			baseConfigurationReference = 7DA457EAAD00332B5B756DDE /* Pods-table.debug.xcconfig */;
			buildSettings = {
				ASSETCATALOG_COMPILER_APPICON_NAME = AppIcon;
				CLANG_ENABLE_MODULES = YES;
				CODE_SIGN_IDENTITY = "iPhone Developer";
				INFOPLIST_FILE = table/Info.plist;
				IPHONEOS_DEPLOYMENT_TARGET = 9.0;
				LD_RUNPATH_SEARCH_PATHS = "$(inherited) @executable_path/Frameworks";
				PRODUCT_BUNDLE_IDENTIFIER = "-.table";
				PRODUCT_NAME = "$(TARGET_NAME)";
				SWIFT_OBJC_BRIDGING_HEADER = "table/table-Bridging-Header.h";
				SWIFT_OPTIMIZATION_LEVEL = "-Onone";
			};
			name = Debug;
		};
		FA55425B1D29A6A300DE2A37 /* Release */ = {
			isa = XCBuildConfiguration;
			baseConfigurationReference = BF6ADD1F3BA1A4501F236735 /* Pods-table.release.xcconfig */;
			buildSettings = {
				ASSETCATALOG_COMPILER_APPICON_NAME = AppIcon;
				CLANG_ENABLE_MODULES = YES;
				CODE_SIGN_IDENTITY = "iPhone Developer";
				INFOPLIST_FILE = table/Info.plist;
				IPHONEOS_DEPLOYMENT_TARGET = 9.0;
				LD_RUNPATH_SEARCH_PATHS = "$(inherited) @executable_path/Frameworks";
				PRODUCT_BUNDLE_IDENTIFIER = "-.table";
				PRODUCT_NAME = "$(TARGET_NAME)";
				SWIFT_OBJC_BRIDGING_HEADER = "table/table-Bridging-Header.h";
			};
			name = Release;
		};
/* End XCBuildConfiguration section */

/* Begin XCConfigurationList section */
		FA5542421D29A6A300DE2A37 /* Build configuration list for PBXProject "table" */ = {
			isa = XCConfigurationList;
			buildConfigurations = (
				FA5542571D29A6A300DE2A37 /* Debug */,
				FA5542581D29A6A300DE2A37 /* Release */,
			);
			defaultConfigurationIsVisible = 0;
			defaultConfigurationName = Release;
		};
		FA5542591D29A6A300DE2A37 /* Build configuration list for PBXNativeTarget "table" */ = {
			isa = XCConfigurationList;
			buildConfigurations = (
				FA55425A1D29A6A300DE2A37 /* Debug */,
				FA55425B1D29A6A300DE2A37 /* Release */,
			);
			defaultConfigurationIsVisible = 0;
			defaultConfigurationName = Release;
		};
/* End XCConfigurationList section */
	};
	rootObject = FA55423F1D29A6A300DE2A37 /* Project object */;
}
